// !$*UTF8*$!
{
	archiveVersion = 1;
	classes = {
	};
	objectVersion = 50;
	objects = {

/* Begin PBXBuildFile section */
		2ADB64E724969A3700EC55F9 /* AppDelegate.swift in Sources */ = {isa = PBXBuildFile; fileRef = 2ADB64E624969A3700EC55F9 /* AppDelegate.swift */; };
		2ADB64E924969A3700EC55F9 /* SceneDelegate.swift in Sources */ = {isa = PBXBuildFile; fileRef = 2ADB64E824969A3700EC55F9 /* SceneDelegate.swift */; };
		2ADB64EB24969A3700EC55F9 /* MapViewController.swift in Sources */ = {isa = PBXBuildFile; fileRef = 2ADB64EA24969A3700EC55F9 /* MapViewController.swift */; };
		2ADB64EE24969A3700EC55F9 /* Main.storyboard in Resources */ = {isa = PBXBuildFile; fileRef = 2ADB64EC24969A3700EC55F9 /* Main.storyboard */; };
		2ADB64F024969A3800EC55F9 /* Assets.xcassets in Resources */ = {isa = PBXBuildFile; fileRef = 2ADB64EF24969A3800EC55F9 /* Assets.xcassets */; };
		2ADB64F324969A3800EC55F9 /* LaunchScreen.storyboard in Resources */ = {isa = PBXBuildFile; fileRef = 2ADB64F124969A3800EC55F9 /* LaunchScreen.storyboard */; };
		2ADB64FB24969B3100EC55F9 /* PlacesTableViewController.swift in Sources */ = {isa = PBXBuildFile; fileRef = 2ADB64FA24969B3100EC55F9 /* PlacesTableViewController.swift */; };
		2ADB64FD24969C3400EC55F9 /* Places.swift in Sources */ = {isa = PBXBuildFile; fileRef = 2ADB64FC24969C3400EC55F9 /* Places.swift */; };
/* End PBXBuildFile section */

/* Begin PBXFileReference section */
		2ADB64E324969A3700EC55F9 /* toVisitPlaces_amanpreet_c0782918.app */ = {isa = PBXFileReference; explicitFileType = wrapper.application; includeInIndex = 0; path = toVisitPlaces_amanpreet_c0782918.app; sourceTree = BUILT_PRODUCTS_DIR; };
		2ADB64E624969A3700EC55F9 /* AppDelegate.swift */ = {isa = PBXFileReference; lastKnownFileType = sourcecode.swift; path = AppDelegate.swift; sourceTree = "<group>"; };
		2ADB64E824969A3700EC55F9 /* SceneDelegate.swift */ = {isa = PBXFileReference; lastKnownFileType = sourcecode.swift; path = SceneDelegate.swift; sourceTree = "<group>"; };
		2ADB64EA24969A3700EC55F9 /* MapViewController.swift */ = {isa = PBXFileReference; lastKnownFileType = sourcecode.swift; path = MapViewController.swift; sourceTree = "<group>"; };
		2ADB64ED24969A3700EC55F9 /* Base */ = {isa = PBXFileReference; lastKnownFileType = file.storyboard; name = Base; path = Base.lproj/Main.storyboard; sourceTree = "<group>"; };
		2ADB64EF24969A3800EC55F9 /* Assets.xcassets */ = {isa = PBXFileReference; lastKnownFileType = folder.assetcatalog; path = Assets.xcassets; sourceTree = "<group>"; };
		2ADB64F224969A3800EC55F9 /* Base */ = {isa = PBXFileReference; lastKnownFileType = file.storyboard; name = Base; path = Base.lproj/LaunchScreen.storyboard; sourceTree = "<group>"; };
		2ADB64F424969A3800EC55F9 /* Info.plist */ = {isa = PBXFileReference; lastKnownFileType = text.plist.xml; path = Info.plist; sourceTree = "<group>"; };
		2ADB64FA24969B3100EC55F9 /* PlacesTableViewController.swift */ = {isa = PBXFileReference; lastKnownFileType = sourcecode.swift; path = PlacesTableViewController.swift; sourceTree = "<group>"; };
		2ADB64FC24969C3400EC55F9 /* Places.swift */ = {isa = PBXFileReference; lastKnownFileType = sourcecode.swift; path = Places.swift; sourceTree = "<group>"; };
/* End PBXFileReference section */

/* Begin PBXFrameworksBuildPhase section */
		2ADB64E024969A3700EC55F9 /* Frameworks */ = {
			isa = PBXFrameworksBuildPhase;
			buildActionMask = 2147483647;
			files = (
			);
			runOnlyForDeploymentPostprocessing = 0;
		};
/* End PBXFrameworksBuildPhase section */

/* Begin PBXGroup section */
		2ADB64DA24969A3700EC55F9 = {
			isa = PBXGroup;
			children = (
				2ADB64E524969A3700EC55F9 /* toVisitPlaces_amanpreet_c0782918 */,
				2ADB64E424969A3700EC55F9 /* Products */,
			);
			sourceTree = "<group>";
		};
		2ADB64E424969A3700EC55F9 /* Products */ = {
			isa = PBXGroup;
			children = (
				2ADB64E324969A3700EC55F9 /* toVisitPlaces_amanpreet_c0782918.app */,
			);
			name = Products;
			sourceTree = "<group>";
		};
		2ADB64E524969A3700EC55F9 /* toVisitPlaces_amanpreet_c0782918 */ = {
			isa = PBXGroup;
			children = (
				2ADB64E624969A3700EC55F9 /* AppDelegate.swift */,
				2ADB64E824969A3700EC55F9 /* SceneDelegate.swift */,
				2ADB64EA24969A3700EC55F9 /* MapViewController.swift */,
				2ADB64EC24969A3700EC55F9 /* Main.storyboard */,
				2ADB64EF24969A3800EC55F9 /* Assets.xcassets */,
				2ADB64F124969A3800EC55F9 /* LaunchScreen.storyboard */,
				2ADB64F424969A3800EC55F9 /* Info.plist */,
				2ADB64FA24969B3100EC55F9 /* PlacesTableViewController.swift */,
				2ADB64FC24969C3400EC55F9 /* Places.swift */,
			);
			path = toVisitPlaces_amanpreet_c0782918;
			sourceTree = "<group>";
		};
/* End PBXGroup section */

/* Begin PBXNativeTarget section */
		2ADB64E224969A3700EC55F9 /* toVisitPlaces_amanpreet_c0782918 */ = {
			isa = PBXNativeTarget;
			buildConfigurationList = 2ADB64F724969A3800EC55F9 /* Build configuration list for PBXNativeTarget "toVisitPlaces_amanpreet_c0782918" */;
			buildPhases = (
				2ADB64DF24969A3700EC55F9 /* Sources */,
				2ADB64E024969A3700EC55F9 /* Frameworks */,
				2ADB64E124969A3700EC55F9 /* Resources */,
			);
			buildRules = (
			);
			dependencies = (
			);
			name = toVisitPlaces_amanpreet_c0782918;
			productName = toVisitPlaces_amanpreet_c0782918;
			productReference = 2ADB64E324969A3700EC55F9 /* toVisitPlaces_amanpreet_c0782918.app */;
			productType = "com.apple.product-type.application";
		};
/* End PBXNativeTarget section */

/* Begin PBXProject section */
		2ADB64DB24969A3700EC55F9 /* Project object */ = {
			isa = PBXProject;
			attributes = {
				LastSwiftUpdateCheck = 1150;
				LastUpgradeCheck = 1150;
				ORGANIZATIONNAME = "Aman Kaur";
				TargetAttributes = {
					2ADB64E224969A3700EC55F9 = {
						CreatedOnToolsVersion = 11.5;
					};
				};
			};
			buildConfigurationList = 2ADB64DE24969A3700EC55F9 /* Build configuration list for PBXProject "toVisitPlaces_amanpreet_c0782918" */;
			compatibilityVersion = "Xcode 9.3";
			developmentRegion = en;
			hasScannedForEncodings = 0;
			knownRegions = (
				en,
				Base,
			);
			mainGroup = 2ADB64DA24969A3700EC55F9;
			productRefGroup = 2ADB64E424969A3700EC55F9 /* Products */;
			projectDirPath = "";
			projectRoot = "";
			targets = (
				2ADB64E224969A3700EC55F9 /* toVisitPlaces_amanpreet_c0782918 */,
			);
		};
/* End PBXProject section */

/* Begin PBXResourcesBuildPhase section */
		2ADB64E124969A3700EC55F9 /* Resources */ = {
			isa = PBXResourcesBuildPhase;
			buildActionMask = 2147483647;
			files = (
				2ADB64F324969A3800EC55F9 /* LaunchScreen.storyboard in Resources */,
				2ADB64F024969A3800EC55F9 /* Assets.xcassets in Resources */,
				2ADB64EE24969A3700EC55F9 /* Main.storyboard in Resources */,
			);
			runOnlyForDeploymentPostprocessing = 0;
		};
/* End PBXResourcesBuildPhase section */

/* Begin PBXSourcesBuildPhase section */
		2ADB64DF24969A3700EC55F9 /* Sources */ = {
			isa = PBXSourcesBuildPhase;
			buildActionMask = 2147483647;
			files = (
				2ADB64FD24969C3400EC55F9 /* Places.swift in Sources */,
				2ADB64EB24969A3700EC55F9 /* MapViewController.swift in Sources */,
				2ADB64FB24969B3100EC55F9 /* PlacesTableViewController.swift in Sources */,
				2ADB64E724969A3700EC55F9 /* AppDelegate.swift in Sources */,
				2ADB64E924969A3700EC55F9 /* SceneDelegate.swift in Sources */,
			);
			runOnlyForDeploymentPostprocessing = 0;
		};
/* End PBXSourcesBuildPhase section */

/* Begin PBXVariantGroup section */
		2ADB64EC24969A3700EC55F9 /* Main.storyboard */ = {
			isa = PBXVariantGroup;
			children = (
				2ADB64ED24969A3700EC55F9 /* Base */,
			);
			name = Main.storyboard;
			sourceTree = "<group>";
		};
		2ADB64F124969A3800EC55F9 /* LaunchScreen.storyboard */ = {
			isa = PBXVariantGroup;
			children = (
				2ADB64F224969A3800EC55F9 /* Base */,
			);
			name = LaunchScreen.storyboard;
			sourceTree = "<group>";
		};
/* End PBXVariantGroup section */

/* Begin XCBuildConfiguration section */
		2ADB64F524969A3800EC55F9 /* Debug */ = {
			isa = XCBuildConfiguration;
			buildSettings = {
				ALWAYS_SEARCH_USER_PATHS = NO;
				CLANG_ANALYZER_NONNULL = YES;
				CLANG_ANALYZER_NUMBER_OBJECT_CONVERSION = YES_AGGRESSIVE;
				CLANG_CXX_LANGUAGE_STANDARD = "gnu++14";
				CLANG_CXX_LIBRARY = "libc++";
				CLANG_ENABLE_MODULES = YES;
				CLANG_ENABLE_OBJC_ARC = YES;
				CLANG_ENABLE_OBJC_WEAK = YES;
				CLANG_WARN_BLOCK_CAPTURE_AUTORELEASING = YES;
				CLANG_WARN_BOOL_CONVERSION = YES;
				CLANG_WARN_COMMA = YES;
				CLANG_WARN_CONSTANT_CONVERSION = YES;
				CLANG_WARN_DEPRECATED_OBJC_IMPLEMENTATIONS = YES;
				CLANG_WARN_DIRECT_OBJC_ISA_USAGE = YES_ERROR;
				CLANG_WARN_DOCUMENTATION_COMMENTS = YES;
				CLANG_WARN_EMPTY_BODY = YES;
				CLANG_WARN_ENUM_CONVERSION = YES;
				CLANG_WARN_INFINITE_RECURSION = YES;
				CLANG_WARN_INT_CONVERSION = YES;
				CLANG_WARN_NON_LITERAL_NULL_CONVERSION = YES;
				CLANG_WARN_OBJC_IMPLICIT_RETAIN_SELF = YES;
				CLANG_WARN_OBJC_LITERAL_CONVERSION = YES;
				CLANG_WARN_OBJC_ROOT_CLASS = YES_ERROR;
				CLANG_WARN_RANGE_LOOP_ANALYSIS = YES;
				CLANG_WARN_STRICT_PROTOTYPES = YES;
				CLANG_WARN_SUSPICIOUS_MOVE = YES;
				CLANG_WARN_UNGUARDED_AVAILABILITY = YES_AGGRESSIVE;
				CLANG_WARN_UNREACHABLE_CODE = YES;
				CLANG_WARN__DUPLICATE_METHOD_MATCH = YES;
				COPY_PHASE_STRIP = NO;
				DEBUG_INFORMATION_FORMAT = dwarf;
				ENABLE_STRICT_OBJC_MSGSEND = YES;
				ENABLE_TESTABILITY = YES;
				GCC_C_LANGUAGE_STANDARD = gnu11;
				GCC_DYNAMIC_NO_PIC = NO;
				GCC_NO_COMMON_BLOCKS = YES;
				GCC_OPTIMIZATION_LEVEL = 0;
				GCC_PREPROCESSOR_DEFINITIONS = (
					"DEBUG=1",
					"$(inherited)",
				);
				GCC_WARN_64_TO_32_BIT_CONVERSION = YES;
				GCC_WARN_ABOUT_RETURN_TYPE = YES_ERROR;
				GCC_WARN_UNDECLARED_SELECTOR = YES;
				GCC_WARN_UNINITIALIZED_AUTOS = YES_AGGRESSIVE;
				GCC_WARN_UNUSED_FUNCTION = YES;
				GCC_WARN_UNUSED_VARIABLE = YES;
				IPHONEOS_DEPLOYMENT_TARGET = 13.5;
				MTL_ENABLE_DEBUG_INFO = INCLUDE_SOURCE;
				MTL_FAST_MATH = YES;
				ONLY_ACTIVE_ARCH = YES;
				SDKROOT = iphoneos;
				SWIFT_ACTIVE_COMPILATION_CONDITIONS = DEBUG;
				SWIFT_OPTIMIZATION_LEVEL = "-Onone";
			};
			name = Debug;
		};
		2ADB64F624969A3800EC55F9 /* Release */ = {
			isa = XCBuildConfiguration;
			buildSettings = {
				ALWAYS_SEARCH_USER_PATHS = NO;
				CLANG_ANALYZER_NONNULL = YES;
				CLANG_ANALYZER_NUMBER_OBJECT_CONVERSION = YES_AGGRESSIVE;
				CLANG_CXX_LANGUAGE_STANDARD = "gnu++14";
				CLANG_CXX_LIBRARY = "libc++";
				CLANG_ENABLE_MODULES = YES;
				CLANG_ENABLE_OBJC_ARC = YES;
				CLANG_ENABLE_OBJC_WEAK = YES;
				CLANG_WARN_BLOCK_CAPTURE_AUTORELEASING = YES;
				CLANG_WARN_BOOL_CONVERSION = YES;
				CLANG_WARN_COMMA = YES;
				CLANG_WARN_CONSTANT_CONVERSION = YES;
				CLANG_WARN_DEPRECATED_OBJC_IMPLEMENTATIONS = YES;
				CLANG_WARN_DIRECT_OBJC_ISA_USAGE = YES_ERROR;
				CLANG_WARN_DOCUMENTATION_COMMENTS = YES;
				CLANG_WARN_EMPTY_BODY = YES;
				CLANG_WARN_ENUM_CONVERSION = YES;
				CLANG_WARN_INFINITE_RECURSION = YES;
				CLANG_WARN_INT_CONVERSION = YES;
				CLANG_WARN_NON_LITERAL_NULL_CONVERSION = YES;
				CLANG_WARN_OBJC_IMPLICIT_RETAIN_SELF = YES;
				CLANG_WARN_OBJC_LITERAL_CONVERSION = YES;
				CLANG_WARN_OBJC_ROOT_CLASS = YES_ERROR;
				CLANG_WARN_RANGE_LOOP_ANALYSIS = YES;
				CLANG_WARN_STRICT_PROTOTYPES = YES;
				CLANG_WARN_SUSPICIOUS_MOVE = YES;
				CLANG_WARN_UNGUARDED_AVAILABILITY = YES_AGGRESSIVE;
				CLANG_WARN_UNREACHABLE_CODE = YES;
				CLANG_WARN__DUPLICATE_METHOD_MATCH = YES;
				COPY_PHASE_STRIP = NO;
				DEBUG_INFORMATION_FORMAT = "dwarf-with-dsym";
				ENABLE_NS_ASSERTIONS = NO;
				ENABLE_STRICT_OBJC_MSGSEND = YES;
				GCC_C_LANGUAGE_STANDARD = gnu11;
				GCC_NO_COMMON_BLOCKS = YES;
				GCC_WARN_64_TO_32_BIT_CONVERSION = YES;
				GCC_WARN_ABOUT_RETURN_TYPE = YES_ERROR;
				GCC_WARN_UNDECLARED_SELECTOR = YES;
				GCC_WARN_UNINITIALIZED_AUTOS = YES_AGGRESSIVE;
				GCC_WARN_UNUSED_FUNCTION = YES;
				GCC_WARN_UNUSED_VARIABLE = YES;
				IPHONEOS_DEPLOYMENT_TARGET = 13.5;
				MTL_ENABLE_DEBUG_INFO = NO;
				MTL_FAST_MATH = YES;
				SDKROOT = iphoneos;
				SWIFT_COMPILATION_MODE = wholemodule;
				SWIFT_OPTIMIZATION_LEVEL = "-O";
				VALIDATE_PRODUCT = YES;
			};
			name = Release;
		};
		2ADB64F824969A3800EC55F9 /* Debug */ = {
			isa = XCBuildConfiguration;
			buildSettings = {
				ASSETCATALOG_COMPILER_APPICON_NAME = AppIcon;
				CODE_SIGN_STYLE = Automatic;
				INFOPLIST_FILE = toVisitPlaces_amanpreet_c0782918/Info.plist;
				LD_RUNPATH_SEARCH_PATHS = (
					"$(inherited)",
					"@executable_path/Frameworks",
				);
				PRODUCT_BUNDLE_IDENTIFIER = "com.lambton.toVisitPlaces-amanpreet-c0782918";
				PRODUCT_NAME = "$(TARGET_NAME)";
				SWIFT_VERSION = 5.0;
				TARGETED_DEVICE_FAMILY = "1,2";
			};
			name = Debug;
		};
		2ADB64F924969A3800EC55F9 /* Release */ = {
			isa = XCBuildConfiguration;
			buildSettings = {
				ASSETCATALOG_COMPILER_APPICON_NAME = AppIcon;
				CODE_SIGN_STYLE = Automatic;
				INFOPLIST_FILE = toVisitPlaces_amanpreet_c0782918/Info.plist;
				LD_RUNPATH_SEARCH_PATHS = (
					"$(inherited)",
					"@executable_path/Frameworks",
				);
				PRODUCT_BUNDLE_IDENTIFIER = "com.lambton.toVisitPlaces-amanpreet-c0782918";
				PRODUCT_NAME = "$(TARGET_NAME)";
				SWIFT_VERSION = 5.0;
				TARGETED_DEVICE_FAMILY = "1,2";
			};
			name = Release;
		};
/* End XCBuildConfiguration section */

/* Begin XCConfigurationList section */
		2ADB64DE24969A3700EC55F9 /* Build configuration list for PBXProject "toVisitPlaces_amanpreet_c0782918" */ = {
			isa = XCConfigurationList;
			buildConfigurations = (
				2ADB64F524969A3800EC55F9 /* Debug */,
				2ADB64F624969A3800EC55F9 /* Release */,
			);
			defaultConfigurationIsVisible = 0;
			defaultConfigurationName = Release;
		};
		2ADB64F724969A3800EC55F9 /* Build configuration list for PBXNativeTarget "toVisitPlaces_amanpreet_c0782918" */ = {
			isa = XCConfigurationList;
			buildConfigurations = (
				2ADB64F824969A3800EC55F9 /* Debug */,
				2ADB64F924969A3800EC55F9 /* Release */,
			);
			defaultConfigurationIsVisible = 0;
			defaultConfigurationName = Release;
		};
/* End XCConfigurationList section */
	};
	rootObject = 2ADB64DB24969A3700EC55F9 /* Project object */;
}
